// !$*UTF8*$!
{
	archiveVersion = 1;
	classes = {
	};
	objectVersion = 50;
	objects = {

/* Begin PBXFileReference section */
		418687FD23E8212B00D6E820 /* xmax_pipeline */ = {isa = PBXFileReference; lastKnownFileType = folder; path = xmax_pipeline; sourceTree = "<group>"; };
		418687FE23E8212B00D6E820 /* jobs_xmax_pipeline */ = {isa = PBXFileReference; lastKnownFileType = folder; path = jobs_xmax_pipeline; sourceTree = "<group>"; };
		4186880123EB25B500D6E820 /* epos_runs */ = {isa = PBXFileReference; lastKnownFileType = folder; path = epos_runs; sourceTree = "<group>"; };
/* End PBXFileReference section */

/* Begin PBXGroup section */
		418687F623E820FA00D6E820 = {
			isa = PBXGroup;
			children = (
				4186880123EB25B500D6E820 /* epos_runs */,
				418687FE23E8212B00D6E820 /* jobs_xmax_pipeline */,
				418687FD23E8212B00D6E820 /* xmax_pipeline */,
			);
			sourceTree = "<group>";
		};
/* End PBXGroup section */

/* Begin PBXProject section */
		418687F723E820FA00D6E820 /* Project object */ = {
			isa = PBXProject;
			attributes = {
				LastUpgradeCheck = 1010;
			};
			buildConfigurationList = 418687FA23E820FA00D6E820 /* Build configuration list for PBXProject "energy_systematics" */;
			compatibilityVersion = "Xcode 9.3";
			developmentRegion = en;
			hasScannedForEncodings = 0;
			knownRegions = (
				en,
			);
			mainGroup = 418687F623E820FA00D6E820;
			projectDirPath = "";
			projectRoot = "";
			targets = (
			);
		};
/* End PBXProject section */

/* Begin XCBuildConfiguration section */
		418687FB23E820FA00D6E820 /* Debug */ = {
			isa = XCBuildConfiguration;
			buildSettings = {
			};
			name = Debug;
		};
		418687FC23E820FA00D6E820 /* Release */ = {
			isa = XCBuildConfiguration;
			buildSettings = {
			};
			name = Release;
		};
/* End XCBuildConfiguration section */

/* Begin XCConfigurationList section */
		418687FA23E820FA00D6E820 /* Build configuration list for PBXProject "energy_systematics" */ = {
			isa = XCConfigurationList;
			buildConfigurations = (
				418687FB23E820FA00D6E820 /* Debug */,
				418687FC23E820FA00D6E820 /* Release */,
			);
			defaultConfigurationIsVisible = 0;
			defaultConfigurationName = Release;
		};
/* End XCConfigurationList section */
	};
	rootObject = 418687F723E820FA00D6E820 /* Project object */;
}
